
Microsoft Visual Studio Solution File, Format Version 12.00
# Visual Studio Version 16
VisualStudioVersion = 16.0.29806.167
MinimumVisualStudioVersion = 10.0.40219.1
Project("{9A19103F-16F7-4668-BE54-9A1E7A4F7556}") = "OdeToFood", "OdeToFood\OdeToFood.csproj", "{FB181C3C-147C-459A-B90D-6D26B4D3FFB0}"
EndProject
Project("{9A19103F-16F7-4668-BE54-9A1E7A4F7556}") = "OdeToFood.Core", "OdeToFood.Core\OdeToFood.Core.csproj", "{D4F94B9A-0248-4401-BA7F-F3986F46F867}"
EndProject
Project("{9A19103F-16F7-4668-BE54-9A1E7A4F7556}") = "OdeToFood.Data", "OdeToFood.Data\OdeToFood.Data.csproj", "{19FD2F1E-B65B-4EA5-A2F9-EAA5B1F2A257}"
EndProject
Project("{9A19103F-16F7-4668-BE54-9A1E7A4F7556}") = "PieShop", "PieShop\PieShop.csproj", "{5A7A6556-B023-4BCC-B5AF-AA2B8D251BE3}"
EndProject
Project("{9A19103F-16F7-4668-BE54-9A1E7A4F7556}") = "Books.Api", "Books.Api\Books.Api.csproj", "{DDC6FDA1-CA8E-41A3-9A71-89621055EB1D}"
EndProject
Project("{9A19103F-16F7-4668-BE54-9A1E7A4F7556}") = "BookCovers.API", "BookCovers.API\BookCovers.API.csproj", "{F6B36656-59F5-4B9D-8695-E04E9E832568}"
EndProject
Project("{9A19103F-16F7-4668-BE54-9A1E7A4F7556}") = "Books.Legacy", "Books.Legacy\Books.Legacy.csproj", "{8EFBE883-875C-471E-9119-DB268C86B503}"
EndProject
Project("{9A19103F-16F7-4668-BE54-9A1E7A4F7556}") = "WiredBrain", "WiredBrain\WiredBrain\WiredBrain.csproj", "{8BC0D5C6-997C-4339-B271-8AB7CB98A59F}"
EndProject
Project("{9A19103F-16F7-4668-BE54-9A1E7A4F7556}") = "WiredBrain.Console", "WiredBrain\ConsoleClient\WiredBrain.Console.csproj", "{F9DCC279-32F2-4FBF-8076-C6B62A9B57DA}"
EndProject
Project("{9A19103F-16F7-4668-BE54-9A1E7A4F7556}") = "Library.API", "Library.API\Library.API.csproj", "{0F5C8317-A6AA-4B19-B669-4B3BEDF33E67}"
EndProject
Project("{9A19103F-16F7-4668-BE54-9A1E7A4F7556}") = "SPAAngular.Web", "SPAAngular.Web\SPAAngular.Web.csproj", "{2B96F03A-AC2D-4901-A51A-552DD0BD4D55}"
EndProject
Project("{9A19103F-16F7-4668-BE54-9A1E7A4F7556}") = "TennisBookings.Web.Tests", "TennisBookings\test\TennisBookings.Web.Tests\TennisBookings.Web.Tests.csproj", "{13BBD5BE-C4F9-4F37-9452-8F79BF9DA39A}"
EndProject
Project("{9A19103F-16F7-4668-BE54-9A1E7A4F7556}") = "LifetimeDemonstration.Web", "LifetimeDemonstration.Web\LifetimeDemonstration.Web.csproj", "{048F6605-0981-4C75-9B85-C2103BF8F39B}"
EndProject
Project("{2150E333-8FDC-42A3-9474-1A3956D46DE8}") = "1-ASP.NET Core - Scott Allen", "1-ASP.NET Core - Scott Allen", "{BF54E19A-2B66-459D-A4E6-9929EFD05BDA}"
EndProject
Project("{2150E333-8FDC-42A3-9474-1A3956D46DE8}") = "2-ASP.NET Core MVC - Gill Cleeren", "2-ASP.NET Core MVC - Gill Cleeren", "{4E5D67DA-E2A6-4609-9130-D23A1F054308}"
EndProject
Project("{2150E333-8FDC-42A3-9474-1A3956D46DE8}") = "3 - Wishlist Application - Eric J Fisher", "3 - Wishlist Application - Eric J Fisher", "{DA4CB9E5-9272-4E51-B97C-7FD932615A69}"
EndProject
Project("{9A19103F-16F7-4668-BE54-9A1E7A4F7556}") = "WishList", "3- Wishlist Application\WishList\WishList.csproj", "{C6B769BE-540E-4E9A-AEE5-93D89E351CCC}"
EndProject
Project("{9A19103F-16F7-4668-BE54-9A1E7A4F7556}") = "WishListTests", "3- Wishlist Application\WishListTests\WishListTests.csproj", "{3CA37DC1-AD07-48D3-9AEA-65979F56F7CF}"
EndProject
Project("{2150E333-8FDC-42A3-9474-1A3956D46DE8}") = "4- Bootcamp API", "4- Bootcamp API", "{48412187-84DF-4587-8B2F-51B67D87813A}"
EndProject
Project("{9A19103F-16F7-4668-BE54-9A1E7A4F7556}") = "CoreCodeCamp", "4- Bootcamp API\CoreCodeCamp.csproj", "{D24A0D3E-D41D-4D23-A4C5-078C8D0BEA69}"
EndProject
Project("{2150E333-8FDC-42A3-9474-1A3956D46DE8}") = "5- StarChart Web API", "5- StarChart Web API", "{EAC8039B-37F6-42A3-AFB0-08F9412FE46A}"
EndProject
Project("{9A19103F-16F7-4668-BE54-9A1E7A4F7556}") = "StarChart", "5- StarChart Web API\StarChart\StarChart.csproj", "{793EE8D7-F3B0-4560-BEC9-959ABB7CA698}"
EndProject
Project("{9A19103F-16F7-4668-BE54-9A1E7A4F7556}") = "StarChartTests", "5- StarChart Web API\StarChartTests\StarChartTests.csproj", "{AE961DD1-052C-4AF3-BCBE-F22CF06812D6}"
EndProject
Project("{2150E333-8FDC-42A3-9474-1A3956D46DE8}") = "6- CourseLibrary API", "6- CourseLibrary API", "{7BB1092A-A6A8-4513-93B9-BAF95AA2E5BE}"
EndProject
Project("{9A19103F-16F7-4668-BE54-9A1E7A4F7556}") = "CourseLibrary.API", "6- CourseLibrary API\CourseLibrary.API\CourseLibrary.API.csproj", "{1626BC18-423C-40C2-AE98-7360EF6EFD50}"
EndProject
Project("{2150E333-8FDC-42A3-9474-1A3956D46DE8}") = "7-Dependency Injection", "7-Dependency Injection", "{866F1B41-63B9-43A5-9671-4C35B1DDF350}"
EndProject
Project("{9A19103F-16F7-4668-BE54-9A1E7A4F7556}") = "TennisBookings.Web", "7-DependencyInjection\src\TennisBookings.Web\TennisBookings.Web.csproj", "{85AAF81E-E89A-4945-AF8D-45F4ED127F52}"
EndProject
Project("{9A19103F-16F7-4668-BE54-9A1E7A4F7556}") = "TennisBookings.Web.Tests", "7-DependencyInjection\test\TennisBookings.Web.Tests\TennisBookings.Web.Tests.csproj", "{7296F6DE-44CF-4144-ABE6-B32110C72BEE}"
EndProject
Project("{9A19103F-16F7-4668-BE54-9A1E7A4F7556}") = "LifetimeDemonstration.Web", "7-DependencyInjection\LifetimeDemonstration.Web\LifetimeDemonstration.Web.csproj", "{A5249E86-3146-4A15-A930-026F757E640D}"
EndProject
Project("{2150E333-8FDC-42A3-9474-1A3956D46DE8}") = "Complete Application", "Complete Application", "{EC27676A-A60B-451F-A641-500CDED0F639}"
EndProject
Project("{9A19103F-16F7-4668-BE54-9A1E7A4F7556}") = "TennisBookings.Web", "7-DependencyInjection\Complete\TennisBookings Sample Application\src\TennisBookings.Web\TennisBookings.Web.csproj", "{45A5FC40-1C63-4725-89CE-D39EA6577317}"
EndProject
Project("{2150E333-8FDC-42A3-9474-1A3956D46DE8}") = "8-Configuration", "8-Configuration", "{214EE041-4AD0-4517-BE06-82D24F283B21}"
EndProject
Project("{9A19103F-16F7-4668-BE54-9A1E7A4F7556}") = "TennisBookings.Web", "8-Configuration\TennisBookings.Web\TennisBookings.Web.csproj", "{FB6FB801-C432-4173-B494-FF2BC91654D9}"
EndProject
Project("{9A19103F-16F7-4668-BE54-9A1E7A4F7556}") = "WeatherService.Api", "8-Configuration\WeatherService.Api\WeatherService.Api.csproj", "{60BC7398-3AEB-4186-AA48-9838BC22DDE8}"
EndProject
Project("{9A19103F-16F7-4668-BE54-9A1E7A4F7556}") = "BrandedProducts.Api", "8-Configuration\BrandedProducts.Api\BrandedProducts.Api.csproj", "{C3FB5644-C944-4259-ABEB-B8D3F33B17A4}"
EndProject
Project("{2150E333-8FDC-42A3-9474-1A3956D46DE8}") = "9-Logging", "9-Logging", "{84CC5B10-4331-4F22-9952-2DDD1D676745}"
EndProject
Project("{9A19103F-16F7-4668-BE54-9A1E7A4F7556}") = "BookClub.API", "9-Logging\BookClub.API\BookClub.API.csproj", "{1E9A94D8-9364-41AA-9A18-D49CB0861B14}"
EndProject
Project("{9A19103F-16F7-4668-BE54-9A1E7A4F7556}") = "BookClub.Data", "9-Logging\BookClub.Data\BookClub.Data.csproj", "{8B18660B-790A-4BB4-94E9-E8C7CA9444BB}"
EndProject
Project("{9A19103F-16F7-4668-BE54-9A1E7A4F7556}") = "BookClub.Entities", "9-Logging\BookClub.Entities\BookClub.Entities.csproj", "{651AA232-8B18-41E1-AF6B-10C429F970B1}"
EndProject
Project("{9A19103F-16F7-4668-BE54-9A1E7A4F7556}") = "BookClub.UI", "9-Logging\BookClub.UI\BookClub.UI.csproj", "{2760BC63-D541-41E9-B35C-4BA5E1BAEC79}"
EndProject
Project("{9A19103F-16F7-4668-BE54-9A1E7A4F7556}") = "BookClub.Logic", "9-Logging\BookClub.Logic\BookClub.Logic.csproj", "{EF032FAF-26EF-47AF-9BDF-7F17CB056F4C}"
EndProject
Project("{9A19103F-16F7-4668-BE54-9A1E7A4F7556}") = "BookClub.Infrastructure", "9-Logging\BookClub.Infrastructure\BookClub.Infrastructure.csproj", "{11BB9507-D4FE-4D9F-BA09-EE93B8E065F6}"
EndProject
Project("{2150E333-8FDC-42A3-9474-1A3956D46DE8}") = "10-Swagger", "10-Swagger", "{9D6E99FA-A025-4F3E-9F81-16E2D7AE56ED}"
EndProject
Project("{9A19103F-16F7-4668-BE54-9A1E7A4F7556}") = "Library.API", "10-Swagger\Library.API.csproj", "{DB43A965-F1A7-4071-8C00-1CDA36397F47}"
EndProject
Project("{2150E333-8FDC-42A3-9474-1A3956D46DE8}") = "11-GenDocumentationWithSwagger", "11-GenDocumentationWithSwagger", "{FECBEF82-DC67-47B8-A6B4-5DCC261588CB}"
EndProject
Project("{9A19103F-16F7-4668-BE54-9A1E7A4F7556}") = "Library.API", "11-GenDocumentationWithSwagger\Library.API.csproj", "{F649FC29-D825-446F-BC0E-344B648C902E}"
EndProject
Project("{2150E333-8FDC-42A3-9474-1A3956D46DE8}") = "12-AsyncApi", "12-AsyncApi", "{0CB26A3A-ECEC-4FB1-9FC5-93FD576B5D18}"
EndProject
Project("{9A19103F-16F7-4668-BE54-9A1E7A4F7556}") = "Books.API", "12-AsyncApi\Books.API.csproj", "{7B3C12E4-2C3C-4CC9-AAED-53F62A4E3366}"
EndProject
Global
	GlobalSection(SolutionConfigurationPlatforms) = preSolution
		Debug|Any CPU = Debug|Any CPU
		Release|Any CPU = Release|Any CPU
	EndGlobalSection
	GlobalSection(ProjectConfigurationPlatforms) = postSolution
		{FB181C3C-147C-459A-B90D-6D26B4D3FFB0}.Debug|Any CPU.ActiveCfg = Debug|Any CPU
		{FB181C3C-147C-459A-B90D-6D26B4D3FFB0}.Debug|Any CPU.Build.0 = Debug|Any CPU
		{FB181C3C-147C-459A-B90D-6D26B4D3FFB0}.Release|Any CPU.ActiveCfg = Release|Any CPU
		{FB181C3C-147C-459A-B90D-6D26B4D3FFB0}.Release|Any CPU.Build.0 = Release|Any CPU
		{D4F94B9A-0248-4401-BA7F-F3986F46F867}.Debug|Any CPU.ActiveCfg = Debug|Any CPU
		{D4F94B9A-0248-4401-BA7F-F3986F46F867}.Debug|Any CPU.Build.0 = Debug|Any CPU
		{D4F94B9A-0248-4401-BA7F-F3986F46F867}.Release|Any CPU.ActiveCfg = Release|Any CPU
		{D4F94B9A-0248-4401-BA7F-F3986F46F867}.Release|Any CPU.Build.0 = Release|Any CPU
		{19FD2F1E-B65B-4EA5-A2F9-EAA5B1F2A257}.Debug|Any CPU.ActiveCfg = Debug|Any CPU
		{19FD2F1E-B65B-4EA5-A2F9-EAA5B1F2A257}.Debug|Any CPU.Build.0 = Debug|Any CPU
		{19FD2F1E-B65B-4EA5-A2F9-EAA5B1F2A257}.Release|Any CPU.ActiveCfg = Release|Any CPU
		{19FD2F1E-B65B-4EA5-A2F9-EAA5B1F2A257}.Release|Any CPU.Build.0 = Release|Any CPU
		{5A7A6556-B023-4BCC-B5AF-AA2B8D251BE3}.Debug|Any CPU.ActiveCfg = Debug|Any CPU
		{5A7A6556-B023-4BCC-B5AF-AA2B8D251BE3}.Debug|Any CPU.Build.0 = Debug|Any CPU
		{5A7A6556-B023-4BCC-B5AF-AA2B8D251BE3}.Release|Any CPU.ActiveCfg = Release|Any CPU
		{5A7A6556-B023-4BCC-B5AF-AA2B8D251BE3}.Release|Any CPU.Build.0 = Release|Any CPU
		{DDC6FDA1-CA8E-41A3-9A71-89621055EB1D}.Debug|Any CPU.ActiveCfg = Debug|Any CPU
		{DDC6FDA1-CA8E-41A3-9A71-89621055EB1D}.Debug|Any CPU.Build.0 = Debug|Any CPU
		{DDC6FDA1-CA8E-41A3-9A71-89621055EB1D}.Release|Any CPU.ActiveCfg = Release|Any CPU
		{DDC6FDA1-CA8E-41A3-9A71-89621055EB1D}.Release|Any CPU.Build.0 = Release|Any CPU
		{F6B36656-59F5-4B9D-8695-E04E9E832568}.Debug|Any CPU.ActiveCfg = Debug|Any CPU
		{F6B36656-59F5-4B9D-8695-E04E9E832568}.Debug|Any CPU.Build.0 = Debug|Any CPU
		{F6B36656-59F5-4B9D-8695-E04E9E832568}.Release|Any CPU.ActiveCfg = Release|Any CPU
		{F6B36656-59F5-4B9D-8695-E04E9E832568}.Release|Any CPU.Build.0 = Release|Any CPU
		{8EFBE883-875C-471E-9119-DB268C86B503}.Debug|Any CPU.ActiveCfg = Debug|Any CPU
		{8EFBE883-875C-471E-9119-DB268C86B503}.Debug|Any CPU.Build.0 = Debug|Any CPU
		{8EFBE883-875C-471E-9119-DB268C86B503}.Release|Any CPU.ActiveCfg = Release|Any CPU
		{8EFBE883-875C-471E-9119-DB268C86B503}.Release|Any CPU.Build.0 = Release|Any CPU
		{8BC0D5C6-997C-4339-B271-8AB7CB98A59F}.Debug|Any CPU.ActiveCfg = Debug|Any CPU
		{8BC0D5C6-997C-4339-B271-8AB7CB98A59F}.Debug|Any CPU.Build.0 = Debug|Any CPU
		{8BC0D5C6-997C-4339-B271-8AB7CB98A59F}.Release|Any CPU.ActiveCfg = Release|Any CPU
		{8BC0D5C6-997C-4339-B271-8AB7CB98A59F}.Release|Any CPU.Build.0 = Release|Any CPU
		{F9DCC279-32F2-4FBF-8076-C6B62A9B57DA}.Debug|Any CPU.ActiveCfg = Debug|Any CPU
		{F9DCC279-32F2-4FBF-8076-C6B62A9B57DA}.Debug|Any CPU.Build.0 = Debug|Any CPU
		{F9DCC279-32F2-4FBF-8076-C6B62A9B57DA}.Release|Any CPU.ActiveCfg = Release|Any CPU
		{F9DCC279-32F2-4FBF-8076-C6B62A9B57DA}.Release|Any CPU.Build.0 = Release|Any CPU
		{0F5C8317-A6AA-4B19-B669-4B3BEDF33E67}.Debug|Any CPU.ActiveCfg = Debug|Any CPU
		{0F5C8317-A6AA-4B19-B669-4B3BEDF33E67}.Debug|Any CPU.Build.0 = Debug|Any CPU
		{0F5C8317-A6AA-4B19-B669-4B3BEDF33E67}.Release|Any CPU.ActiveCfg = Release|Any CPU
		{0F5C8317-A6AA-4B19-B669-4B3BEDF33E67}.Release|Any CPU.Build.0 = Release|Any CPU
		{2B96F03A-AC2D-4901-A51A-552DD0BD4D55}.Debug|Any CPU.ActiveCfg = Debug|Any CPU
		{2B96F03A-AC2D-4901-A51A-552DD0BD4D55}.Debug|Any CPU.Build.0 = Debug|Any CPU
		{2B96F03A-AC2D-4901-A51A-552DD0BD4D55}.Release|Any CPU.ActiveCfg = Release|Any CPU
		{2B96F03A-AC2D-4901-A51A-552DD0BD4D55}.Release|Any CPU.Build.0 = Release|Any CPU
		{13BBD5BE-C4F9-4F37-9452-8F79BF9DA39A}.Debug|Any CPU.ActiveCfg = Debug|Any CPU
		{13BBD5BE-C4F9-4F37-9452-8F79BF9DA39A}.Debug|Any CPU.Build.0 = Debug|Any CPU
		{13BBD5BE-C4F9-4F37-9452-8F79BF9DA39A}.Release|Any CPU.ActiveCfg = Release|Any CPU
		{13BBD5BE-C4F9-4F37-9452-8F79BF9DA39A}.Release|Any CPU.Build.0 = Release|Any CPU
		{048F6605-0981-4C75-9B85-C2103BF8F39B}.Debug|Any CPU.ActiveCfg = Debug|Any CPU
		{048F6605-0981-4C75-9B85-C2103BF8F39B}.Debug|Any CPU.Build.0 = Debug|Any CPU
		{048F6605-0981-4C75-9B85-C2103BF8F39B}.Release|Any CPU.ActiveCfg = Release|Any CPU
		{048F6605-0981-4C75-9B85-C2103BF8F39B}.Release|Any CPU.Build.0 = Release|Any CPU
		{C6B769BE-540E-4E9A-AEE5-93D89E351CCC}.Debug|Any CPU.ActiveCfg = Debug|Any CPU
		{C6B769BE-540E-4E9A-AEE5-93D89E351CCC}.Debug|Any CPU.Build.0 = Debug|Any CPU
		{C6B769BE-540E-4E9A-AEE5-93D89E351CCC}.Release|Any CPU.ActiveCfg = Release|Any CPU
		{C6B769BE-540E-4E9A-AEE5-93D89E351CCC}.Release|Any CPU.Build.0 = Release|Any CPU
		{3CA37DC1-AD07-48D3-9AEA-65979F56F7CF}.Debug|Any CPU.ActiveCfg = Debug|Any CPU
		{3CA37DC1-AD07-48D3-9AEA-65979F56F7CF}.Debug|Any CPU.Build.0 = Debug|Any CPU
		{3CA37DC1-AD07-48D3-9AEA-65979F56F7CF}.Release|Any CPU.ActiveCfg = Release|Any CPU
		{3CA37DC1-AD07-48D3-9AEA-65979F56F7CF}.Release|Any CPU.Build.0 = Release|Any CPU
		{D24A0D3E-D41D-4D23-A4C5-078C8D0BEA69}.Debug|Any CPU.ActiveCfg = Debug|Any CPU
		{D24A0D3E-D41D-4D23-A4C5-078C8D0BEA69}.Debug|Any CPU.Build.0 = Debug|Any CPU
		{D24A0D3E-D41D-4D23-A4C5-078C8D0BEA69}.Release|Any CPU.ActiveCfg = Release|Any CPU
		{D24A0D3E-D41D-4D23-A4C5-078C8D0BEA69}.Release|Any CPU.Build.0 = Release|Any CPU
		{793EE8D7-F3B0-4560-BEC9-959ABB7CA698}.Debug|Any CPU.ActiveCfg = Debug|Any CPU
		{793EE8D7-F3B0-4560-BEC9-959ABB7CA698}.Debug|Any CPU.Build.0 = Debug|Any CPU
		{793EE8D7-F3B0-4560-BEC9-959ABB7CA698}.Release|Any CPU.ActiveCfg = Release|Any CPU
		{793EE8D7-F3B0-4560-BEC9-959ABB7CA698}.Release|Any CPU.Build.0 = Release|Any CPU
		{AE961DD1-052C-4AF3-BCBE-F22CF06812D6}.Debug|Any CPU.ActiveCfg = Debug|Any CPU
		{AE961DD1-052C-4AF3-BCBE-F22CF06812D6}.Debug|Any CPU.Build.0 = Debug|Any CPU
		{AE961DD1-052C-4AF3-BCBE-F22CF06812D6}.Release|Any CPU.ActiveCfg = Release|Any CPU
		{AE961DD1-052C-4AF3-BCBE-F22CF06812D6}.Release|Any CPU.Build.0 = Release|Any CPU
		{1626BC18-423C-40C2-AE98-7360EF6EFD50}.Debug|Any CPU.ActiveCfg = Debug|Any CPU
		{1626BC18-423C-40C2-AE98-7360EF6EFD50}.Debug|Any CPU.Build.0 = Debug|Any CPU
		{1626BC18-423C-40C2-AE98-7360EF6EFD50}.Release|Any CPU.ActiveCfg = Release|Any CPU
		{1626BC18-423C-40C2-AE98-7360EF6EFD50}.Release|Any CPU.Build.0 = Release|Any CPU
		{85AAF81E-E89A-4945-AF8D-45F4ED127F52}.Debug|Any CPU.ActiveCfg = Debug|Any CPU
		{85AAF81E-E89A-4945-AF8D-45F4ED127F52}.Debug|Any CPU.Build.0 = Debug|Any CPU
		{85AAF81E-E89A-4945-AF8D-45F4ED127F52}.Release|Any CPU.ActiveCfg = Release|Any CPU
		{85AAF81E-E89A-4945-AF8D-45F4ED127F52}.Release|Any CPU.Build.0 = Release|Any CPU
		{7296F6DE-44CF-4144-ABE6-B32110C72BEE}.Debug|Any CPU.ActiveCfg = Debug|Any CPU
		{7296F6DE-44CF-4144-ABE6-B32110C72BEE}.Debug|Any CPU.Build.0 = Debug|Any CPU
		{7296F6DE-44CF-4144-ABE6-B32110C72BEE}.Release|Any CPU.ActiveCfg = Release|Any CPU
		{7296F6DE-44CF-4144-ABE6-B32110C72BEE}.Release|Any CPU.Build.0 = Release|Any CPU
		{A5249E86-3146-4A15-A930-026F757E640D}.Debug|Any CPU.ActiveCfg = Debug|Any CPU
		{A5249E86-3146-4A15-A930-026F757E640D}.Debug|Any CPU.Build.0 = Debug|Any CPU
		{A5249E86-3146-4A15-A930-026F757E640D}.Release|Any CPU.ActiveCfg = Release|Any CPU
		{A5249E86-3146-4A15-A930-026F757E640D}.Release|Any CPU.Build.0 = Release|Any CPU
		{45A5FC40-1C63-4725-89CE-D39EA6577317}.Debug|Any CPU.ActiveCfg = Debug|Any CPU
		{45A5FC40-1C63-4725-89CE-D39EA6577317}.Debug|Any CPU.Build.0 = Debug|Any CPU
		{45A5FC40-1C63-4725-89CE-D39EA6577317}.Release|Any CPU.ActiveCfg = Release|Any CPU
		{45A5FC40-1C63-4725-89CE-D39EA6577317}.Release|Any CPU.Build.0 = Release|Any CPU
		{FB6FB801-C432-4173-B494-FF2BC91654D9}.Debug|Any CPU.ActiveCfg = Debug|Any CPU
		{FB6FB801-C432-4173-B494-FF2BC91654D9}.Debug|Any CPU.Build.0 = Debug|Any CPU
		{FB6FB801-C432-4173-B494-FF2BC91654D9}.Release|Any CPU.ActiveCfg = Release|Any CPU
		{FB6FB801-C432-4173-B494-FF2BC91654D9}.Release|Any CPU.Build.0 = Release|Any CPU
		{60BC7398-3AEB-4186-AA48-9838BC22DDE8}.Debug|Any CPU.ActiveCfg = Debug|Any CPU
		{60BC7398-3AEB-4186-AA48-9838BC22DDE8}.Debug|Any CPU.Build.0 = Debug|Any CPU
		{60BC7398-3AEB-4186-AA48-9838BC22DDE8}.Release|Any CPU.ActiveCfg = Release|Any CPU
		{60BC7398-3AEB-4186-AA48-9838BC22DDE8}.Release|Any CPU.Build.0 = Release|Any CPU
		{C3FB5644-C944-4259-ABEB-B8D3F33B17A4}.Debug|Any CPU.ActiveCfg = Debug|Any CPU
		{C3FB5644-C944-4259-ABEB-B8D3F33B17A4}.Debug|Any CPU.Build.0 = Debug|Any CPU
		{C3FB5644-C944-4259-ABEB-B8D3F33B17A4}.Release|Any CPU.ActiveCfg = Release|Any CPU
		{C3FB5644-C944-4259-ABEB-B8D3F33B17A4}.Release|Any CPU.Build.0 = Release|Any CPU
		{1E9A94D8-9364-41AA-9A18-D49CB0861B14}.Debug|Any CPU.ActiveCfg = Debug|Any CPU
		{1E9A94D8-9364-41AA-9A18-D49CB0861B14}.Debug|Any CPU.Build.0 = Debug|Any CPU
		{1E9A94D8-9364-41AA-9A18-D49CB0861B14}.Release|Any CPU.ActiveCfg = Release|Any CPU
		{1E9A94D8-9364-41AA-9A18-D49CB0861B14}.Release|Any CPU.Build.0 = Release|Any CPU
		{8B18660B-790A-4BB4-94E9-E8C7CA9444BB}.Debug|Any CPU.ActiveCfg = Debug|Any CPU
		{8B18660B-790A-4BB4-94E9-E8C7CA9444BB}.Debug|Any CPU.Build.0 = Debug|Any CPU
		{8B18660B-790A-4BB4-94E9-E8C7CA9444BB}.Release|Any CPU.ActiveCfg = Release|Any CPU
		{8B18660B-790A-4BB4-94E9-E8C7CA9444BB}.Release|Any CPU.Build.0 = Release|Any CPU
		{651AA232-8B18-41E1-AF6B-10C429F970B1}.Debug|Any CPU.ActiveCfg = Debug|Any CPU
		{651AA232-8B18-41E1-AF6B-10C429F970B1}.Debug|Any CPU.Build.0 = Debug|Any CPU
		{651AA232-8B18-41E1-AF6B-10C429F970B1}.Release|Any CPU.ActiveCfg = Release|Any CPU
		{651AA232-8B18-41E1-AF6B-10C429F970B1}.Release|Any CPU.Build.0 = Release|Any CPU
		{2760BC63-D541-41E9-B35C-4BA5E1BAEC79}.Debug|Any CPU.ActiveCfg = Debug|Any CPU
		{2760BC63-D541-41E9-B35C-4BA5E1BAEC79}.Debug|Any CPU.Build.0 = Debug|Any CPU
		{2760BC63-D541-41E9-B35C-4BA5E1BAEC79}.Release|Any CPU.ActiveCfg = Release|Any CPU
		{2760BC63-D541-41E9-B35C-4BA5E1BAEC79}.Release|Any CPU.Build.0 = Release|Any CPU
		{EF032FAF-26EF-47AF-9BDF-7F17CB056F4C}.Debug|Any CPU.ActiveCfg = Debug|Any CPU
		{EF032FAF-26EF-47AF-9BDF-7F17CB056F4C}.Debug|Any CPU.Build.0 = Debug|Any CPU
		{EF032FAF-26EF-47AF-9BDF-7F17CB056F4C}.Release|Any CPU.ActiveCfg = Release|Any CPU
		{EF032FAF-26EF-47AF-9BDF-7F17CB056F4C}.Release|Any CPU.Build.0 = Release|Any CPU
		{11BB9507-D4FE-4D9F-BA09-EE93B8E065F6}.Debug|Any CPU.ActiveCfg = Debug|Any CPU
		{11BB9507-D4FE-4D9F-BA09-EE93B8E065F6}.Debug|Any CPU.Build.0 = Debug|Any CPU
		{11BB9507-D4FE-4D9F-BA09-EE93B8E065F6}.Release|Any CPU.ActiveCfg = Release|Any CPU
		{11BB9507-D4FE-4D9F-BA09-EE93B8E065F6}.Release|Any CPU.Build.0 = Release|Any CPU
		{DB43A965-F1A7-4071-8C00-1CDA36397F47}.Debug|Any CPU.ActiveCfg = Debug|Any CPU
		{DB43A965-F1A7-4071-8C00-1CDA36397F47}.Debug|Any CPU.Build.0 = Debug|Any CPU
		{DB43A965-F1A7-4071-8C00-1CDA36397F47}.Release|Any CPU.ActiveCfg = Release|Any CPU
		{DB43A965-F1A7-4071-8C00-1CDA36397F47}.Release|Any CPU.Build.0 = Release|Any CPU
		{F649FC29-D825-446F-BC0E-344B648C902E}.Debug|Any CPU.ActiveCfg = Debug|Any CPU
		{F649FC29-D825-446F-BC0E-344B648C902E}.Debug|Any CPU.Build.0 = Debug|Any CPU
		{F649FC29-D825-446F-BC0E-344B648C902E}.Release|Any CPU.ActiveCfg = Release|Any CPU
		{F649FC29-D825-446F-BC0E-344B648C902E}.Release|Any CPU.Build.0 = Release|Any CPU
		{7B3C12E4-2C3C-4CC9-AAED-53F62A4E3366}.Debug|Any CPU.ActiveCfg = Debug|Any CPU
		{7B3C12E4-2C3C-4CC9-AAED-53F62A4E3366}.Debug|Any CPU.Build.0 = Debug|Any CPU
		{7B3C12E4-2C3C-4CC9-AAED-53F62A4E3366}.Release|Any CPU.ActiveCfg = Release|Any CPU
		{7B3C12E4-2C3C-4CC9-AAED-53F62A4E3366}.Release|Any CPU.Build.0 = Release|Any CPU
	EndGlobalSection
	GlobalSection(SolutionProperties) = preSolution
		HideSolutionNode = FALSE
	EndGlobalSection
	GlobalSection(NestedProjects) = preSolution
		{FB181C3C-147C-459A-B90D-6D26B4D3FFB0} = {BF54E19A-2B66-459D-A4E6-9929EFD05BDA}
		{D4F94B9A-0248-4401-BA7F-F3986F46F867} = {BF54E19A-2B66-459D-A4E6-9929EFD05BDA}
		{19FD2F1E-B65B-4EA5-A2F9-EAA5B1F2A257} = {BF54E19A-2B66-459D-A4E6-9929EFD05BDA}
		{5A7A6556-B023-4BCC-B5AF-AA2B8D251BE3} = {4E5D67DA-E2A6-4609-9130-D23A1F054308}
		{C6B769BE-540E-4E9A-AEE5-93D89E351CCC} = {DA4CB9E5-9272-4E51-B97C-7FD932615A69}
		{3CA37DC1-AD07-48D3-9AEA-65979F56F7CF} = {DA4CB9E5-9272-4E51-B97C-7FD932615A69}
		{D24A0D3E-D41D-4D23-A4C5-078C8D0BEA69} = {48412187-84DF-4587-8B2F-51B67D87813A}
		{793EE8D7-F3B0-4560-BEC9-959ABB7CA698} = {EAC8039B-37F6-42A3-AFB0-08F9412FE46A}
		{AE961DD1-052C-4AF3-BCBE-F22CF06812D6} = {EAC8039B-37F6-42A3-AFB0-08F9412FE46A}
		{1626BC18-423C-40C2-AE98-7360EF6EFD50} = {7BB1092A-A6A8-4513-93B9-BAF95AA2E5BE}
		{85AAF81E-E89A-4945-AF8D-45F4ED127F52} = {866F1B41-63B9-43A5-9671-4C35B1DDF350}
		{7296F6DE-44CF-4144-ABE6-B32110C72BEE} = {866F1B41-63B9-43A5-9671-4C35B1DDF350}
		{A5249E86-3146-4A15-A930-026F757E640D} = {866F1B41-63B9-43A5-9671-4C35B1DDF350}
		{EC27676A-A60B-451F-A641-500CDED0F639} = {866F1B41-63B9-43A5-9671-4C35B1DDF350}
		{45A5FC40-1C63-4725-89CE-D39EA6577317} = {EC27676A-A60B-451F-A641-500CDED0F639}
		{FB6FB801-C432-4173-B494-FF2BC91654D9} = {214EE041-4AD0-4517-BE06-82D24F283B21}
		{60BC7398-3AEB-4186-AA48-9838BC22DDE8} = {214EE041-4AD0-4517-BE06-82D24F283B21}
		{C3FB5644-C944-4259-ABEB-B8D3F33B17A4} = {214EE041-4AD0-4517-BE06-82D24F283B21}
		{1E9A94D8-9364-41AA-9A18-D49CB0861B14} = {84CC5B10-4331-4F22-9952-2DDD1D676745}
		{8B18660B-790A-4BB4-94E9-E8C7CA9444BB} = {84CC5B10-4331-4F22-9952-2DDD1D676745}
		{651AA232-8B18-41E1-AF6B-10C429F970B1} = {84CC5B10-4331-4F22-9952-2DDD1D676745}
		{2760BC63-D541-41E9-B35C-4BA5E1BAEC79} = {84CC5B10-4331-4F22-9952-2DDD1D676745}
		{EF032FAF-26EF-47AF-9BDF-7F17CB056F4C} = {84CC5B10-4331-4F22-9952-2DDD1D676745}
		{11BB9507-D4FE-4D9F-BA09-EE93B8E065F6} = {84CC5B10-4331-4F22-9952-2DDD1D676745}
		{DB43A965-F1A7-4071-8C00-1CDA36397F47} = {9D6E99FA-A025-4F3E-9F81-16E2D7AE56ED}
		{F649FC29-D825-446F-BC0E-344B648C902E} = {FECBEF82-DC67-47B8-A6B4-5DCC261588CB}
		{7B3C12E4-2C3C-4CC9-AAED-53F62A4E3366} = {0CB26A3A-ECEC-4FB1-9FC5-93FD576B5D18}
	EndGlobalSection
	GlobalSection(ExtensibilityGlobals) = postSolution
		SolutionGuid = {6275B6F8-6A01-4ED4-886A-4970F52EC774}
	EndGlobalSection
EndGlobal
