
Microsoft Visual Studio Solution File, Format Version 12.00
# Visual Studio Version 16
VisualStudioVersion = 16.0.29806.167
MinimumVisualStudioVersion = 10.0.40219.1
Project("{9A19103F-16F7-4668-BE54-9A1E7A4F7556}") = "StarChart", "StarChartApiNetCore\StarChart\StarChart.csproj", "{69316CAB-7C8B-4FF6-89B6-EE25B51C9018}"
EndProject
Project("{9A19103F-16F7-4668-BE54-9A1E7A4F7556}") = "StarChartTests", "StarChartApiNetCore\StarChartTests\StarChartTests.csproj", "{517A6624-8700-4E69-B13C-C4AE045DB06F}"
EndProject
Project("{9A19103F-16F7-4668-BE54-9A1E7A4F7556}") = "WishList", "WishListAspNetCore\WishList\WishList.csproj", "{F62B8CEE-D921-4ED4-84E7-6B1EC285500E}"
EndProject
Project("{9A19103F-16F7-4668-BE54-9A1E7A4F7556}") = "WishListTests", "WishListAspNetCore\WishListTests\WishListTests.csproj", "{B811A9AB-FB95-4FDC-9FF1-4A974CB2D432}"
EndProject
Project("{9A19103F-16F7-4668-BE54-9A1E7A4F7556}") = "OdeToFood", "OdeToFood\OdeToFood.csproj", "{FB181C3C-147C-459A-B90D-6D26B4D3FFB0}"
EndProject
Project("{9A19103F-16F7-4668-BE54-9A1E7A4F7556}") = "OdeToFood.Core", "OdeToFood.Core\OdeToFood.Core.csproj", "{D4F94B9A-0248-4401-BA7F-F3986F46F867}"
EndProject
Project("{9A19103F-16F7-4668-BE54-9A1E7A4F7556}") = "OdeToFood.Data", "OdeToFood.Data\OdeToFood.Data.csproj", "{19FD2F1E-B65B-4EA5-A2F9-EAA5B1F2A257}"
EndProject
Project("{9A19103F-16F7-4668-BE54-9A1E7A4F7556}") = "PieShop", "PieShop\PieShop.csproj", "{5A7A6556-B023-4BCC-B5AF-AA2B8D251BE3}"
EndProject
Project("{9A19103F-16F7-4668-BE54-9A1E7A4F7556}") = "CourseLibrary.API", "CourseLibrary.API\CourseLibrary.API.csproj", "{4AFCE64B-1809-4FE8-8D4A-C8444A5BCBAD}"
EndProject
Project("{9A19103F-16F7-4668-BE54-9A1E7A4F7556}") = "Books.Api", "Books.Api\Books.Api.csproj", "{DDC6FDA1-CA8E-41A3-9A71-89621055EB1D}"
EndProject
Project("{9A19103F-16F7-4668-BE54-9A1E7A4F7556}") = "BookCovers.API", "BookCovers.API\BookCovers.API.csproj", "{F6B36656-59F5-4B9D-8695-E04E9E832568}"
EndProject
Project("{9A19103F-16F7-4668-BE54-9A1E7A4F7556}") = "Books.Legacy", "Books.Legacy\Books.Legacy.csproj", "{8EFBE883-875C-471E-9119-DB268C86B503}"
EndProject
Project("{9A19103F-16F7-4668-BE54-9A1E7A4F7556}") = "WiredBrain", "WiredBrain\WiredBrain\WiredBrain.csproj", "{8BC0D5C6-997C-4339-B271-8AB7CB98A59F}"
EndProject
Project("{9A19103F-16F7-4668-BE54-9A1E7A4F7556}") = "WiredBrain.Console", "WiredBrain\ConsoleClient\WiredBrain.Console.csproj", "{F9DCC279-32F2-4FBF-8076-C6B62A9B57DA}"
EndProject
Project("{9A19103F-16F7-4668-BE54-9A1E7A4F7556}") = "Library.API", "Library.API\Library.API.csproj", "{0F5C8317-A6AA-4B19-B669-4B3BEDF33E67}"
EndProject
Project("{9A19103F-16F7-4668-BE54-9A1E7A4F7556}") = "SPAAngular.Web", "SPAAngular.Web\SPAAngular.Web.csproj", "{2B96F03A-AC2D-4901-A51A-552DD0BD4D55}"
EndProject
Project("{9A19103F-16F7-4668-BE54-9A1E7A4F7556}") = "TennisBookings.Web", "TennisBookings\src\TennisBookings.Web\TennisBookings.Web.csproj", "{0CC653FD-5C84-4465-A1D5-12EA82248D55}"
EndProject
Project("{9A19103F-16F7-4668-BE54-9A1E7A4F7556}") = "TennisBookings.Web.Tests", "TennisBookings\test\TennisBookings.Web.Tests\TennisBookings.Web.Tests.csproj", "{13BBD5BE-C4F9-4F37-9452-8F79BF9DA39A}"
EndProject
Project("{9A19103F-16F7-4668-BE54-9A1E7A4F7556}") = "LifetimeDemonstration.Web", "LifetimeDemonstration.Web\LifetimeDemonstration.Web.csproj", "{048F6605-0981-4C75-9B85-C2103BF8F39B}"
EndProject
Project("{2150E333-8FDC-42A3-9474-1A3956D46DE8}") = "1-ASP.NET Core - Scott Allen", "1-ASP.NET Core - Scott Allen", "{BF54E19A-2B66-459D-A4E6-9929EFD05BDA}"
EndProject
Project("{2150E333-8FDC-42A3-9474-1A3956D46DE8}") = "2-ASP.NET Core MVC - Gill Cleeren", "2-ASP.NET Core MVC - Gill Cleeren", "{4E5D67DA-E2A6-4609-9130-D23A1F054308}"
EndProject
Global
	GlobalSection(SolutionConfigurationPlatforms) = preSolution
		Debug|Any CPU = Debug|Any CPU
		Release|Any CPU = Release|Any CPU
	EndGlobalSection
	GlobalSection(ProjectConfigurationPlatforms) = postSolution
		{69316CAB-7C8B-4FF6-89B6-EE25B51C9018}.Debug|Any CPU.ActiveCfg = Debug|Any CPU
		{69316CAB-7C8B-4FF6-89B6-EE25B51C9018}.Debug|Any CPU.Build.0 = Debug|Any CPU
		{69316CAB-7C8B-4FF6-89B6-EE25B51C9018}.Release|Any CPU.ActiveCfg = Release|Any CPU
		{69316CAB-7C8B-4FF6-89B6-EE25B51C9018}.Release|Any CPU.Build.0 = Release|Any CPU
		{517A6624-8700-4E69-B13C-C4AE045DB06F}.Debug|Any CPU.ActiveCfg = Debug|Any CPU
		{517A6624-8700-4E69-B13C-C4AE045DB06F}.Debug|Any CPU.Build.0 = Debug|Any CPU
		{517A6624-8700-4E69-B13C-C4AE045DB06F}.Release|Any CPU.ActiveCfg = Release|Any CPU
		{517A6624-8700-4E69-B13C-C4AE045DB06F}.Release|Any CPU.Build.0 = Release|Any CPU
		{F62B8CEE-D921-4ED4-84E7-6B1EC285500E}.Debug|Any CPU.ActiveCfg = Debug|Any CPU
		{F62B8CEE-D921-4ED4-84E7-6B1EC285500E}.Debug|Any CPU.Build.0 = Debug|Any CPU
		{F62B8CEE-D921-4ED4-84E7-6B1EC285500E}.Release|Any CPU.ActiveCfg = Release|Any CPU
		{F62B8CEE-D921-4ED4-84E7-6B1EC285500E}.Release|Any CPU.Build.0 = Release|Any CPU
		{B811A9AB-FB95-4FDC-9FF1-4A974CB2D432}.Debug|Any CPU.ActiveCfg = Debug|Any CPU
		{B811A9AB-FB95-4FDC-9FF1-4A974CB2D432}.Debug|Any CPU.Build.0 = Debug|Any CPU
		{B811A9AB-FB95-4FDC-9FF1-4A974CB2D432}.Release|Any CPU.ActiveCfg = Release|Any CPU
		{B811A9AB-FB95-4FDC-9FF1-4A974CB2D432}.Release|Any CPU.Build.0 = Release|Any CPU
		{FB181C3C-147C-459A-B90D-6D26B4D3FFB0}.Debug|Any CPU.ActiveCfg = Debug|Any CPU
		{FB181C3C-147C-459A-B90D-6D26B4D3FFB0}.Debug|Any CPU.Build.0 = Debug|Any CPU
		{FB181C3C-147C-459A-B90D-6D26B4D3FFB0}.Release|Any CPU.ActiveCfg = Release|Any CPU
		{FB181C3C-147C-459A-B90D-6D26B4D3FFB0}.Release|Any CPU.Build.0 = Release|Any CPU
		{D4F94B9A-0248-4401-BA7F-F3986F46F867}.Debug|Any CPU.ActiveCfg = Debug|Any CPU
		{D4F94B9A-0248-4401-BA7F-F3986F46F867}.Debug|Any CPU.Build.0 = Debug|Any CPU
		{D4F94B9A-0248-4401-BA7F-F3986F46F867}.Release|Any CPU.ActiveCfg = Release|Any CPU
		{D4F94B9A-0248-4401-BA7F-F3986F46F867}.Release|Any CPU.Build.0 = Release|Any CPU
		{19FD2F1E-B65B-4EA5-A2F9-EAA5B1F2A257}.Debug|Any CPU.ActiveCfg = Debug|Any CPU
		{19FD2F1E-B65B-4EA5-A2F9-EAA5B1F2A257}.Debug|Any CPU.Build.0 = Debug|Any CPU
		{19FD2F1E-B65B-4EA5-A2F9-EAA5B1F2A257}.Release|Any CPU.ActiveCfg = Release|Any CPU
		{19FD2F1E-B65B-4EA5-A2F9-EAA5B1F2A257}.Release|Any CPU.Build.0 = Release|Any CPU
		{5A7A6556-B023-4BCC-B5AF-AA2B8D251BE3}.Debug|Any CPU.ActiveCfg = Debug|Any CPU
		{5A7A6556-B023-4BCC-B5AF-AA2B8D251BE3}.Debug|Any CPU.Build.0 = Debug|Any CPU
		{5A7A6556-B023-4BCC-B5AF-AA2B8D251BE3}.Release|Any CPU.ActiveCfg = Release|Any CPU
		{5A7A6556-B023-4BCC-B5AF-AA2B8D251BE3}.Release|Any CPU.Build.0 = Release|Any CPU
		{4AFCE64B-1809-4FE8-8D4A-C8444A5BCBAD}.Debug|Any CPU.ActiveCfg = Debug|Any CPU
		{4AFCE64B-1809-4FE8-8D4A-C8444A5BCBAD}.Debug|Any CPU.Build.0 = Debug|Any CPU
		{4AFCE64B-1809-4FE8-8D4A-C8444A5BCBAD}.Release|Any CPU.ActiveCfg = Release|Any CPU
		{4AFCE64B-1809-4FE8-8D4A-C8444A5BCBAD}.Release|Any CPU.Build.0 = Release|Any CPU
		{DDC6FDA1-CA8E-41A3-9A71-89621055EB1D}.Debug|Any CPU.ActiveCfg = Debug|Any CPU
		{DDC6FDA1-CA8E-41A3-9A71-89621055EB1D}.Debug|Any CPU.Build.0 = Debug|Any CPU
		{DDC6FDA1-CA8E-41A3-9A71-89621055EB1D}.Release|Any CPU.ActiveCfg = Release|Any CPU
		{DDC6FDA1-CA8E-41A3-9A71-89621055EB1D}.Release|Any CPU.Build.0 = Release|Any CPU
		{F6B36656-59F5-4B9D-8695-E04E9E832568}.Debug|Any CPU.ActiveCfg = Debug|Any CPU
		{F6B36656-59F5-4B9D-8695-E04E9E832568}.Debug|Any CPU.Build.0 = Debug|Any CPU
		{F6B36656-59F5-4B9D-8695-E04E9E832568}.Release|Any CPU.ActiveCfg = Release|Any CPU
		{F6B36656-59F5-4B9D-8695-E04E9E832568}.Release|Any CPU.Build.0 = Release|Any CPU
		{8EFBE883-875C-471E-9119-DB268C86B503}.Debug|Any CPU.ActiveCfg = Debug|Any CPU
		{8EFBE883-875C-471E-9119-DB268C86B503}.Debug|Any CPU.Build.0 = Debug|Any CPU
		{8EFBE883-875C-471E-9119-DB268C86B503}.Release|Any CPU.ActiveCfg = Release|Any CPU
		{8EFBE883-875C-471E-9119-DB268C86B503}.Release|Any CPU.Build.0 = Release|Any CPU
		{8BC0D5C6-997C-4339-B271-8AB7CB98A59F}.Debug|Any CPU.ActiveCfg = Debug|Any CPU
		{8BC0D5C6-997C-4339-B271-8AB7CB98A59F}.Debug|Any CPU.Build.0 = Debug|Any CPU
		{8BC0D5C6-997C-4339-B271-8AB7CB98A59F}.Release|Any CPU.ActiveCfg = Release|Any CPU
		{8BC0D5C6-997C-4339-B271-8AB7CB98A59F}.Release|Any CPU.Build.0 = Release|Any CPU
		{F9DCC279-32F2-4FBF-8076-C6B62A9B57DA}.Debug|Any CPU.ActiveCfg = Debug|Any CPU
		{F9DCC279-32F2-4FBF-8076-C6B62A9B57DA}.Debug|Any CPU.Build.0 = Debug|Any CPU
		{F9DCC279-32F2-4FBF-8076-C6B62A9B57DA}.Release|Any CPU.ActiveCfg = Release|Any CPU
		{F9DCC279-32F2-4FBF-8076-C6B62A9B57DA}.Release|Any CPU.Build.0 = Release|Any CPU
		{0F5C8317-A6AA-4B19-B669-4B3BEDF33E67}.Debug|Any CPU.ActiveCfg = Debug|Any CPU
		{0F5C8317-A6AA-4B19-B669-4B3BEDF33E67}.Debug|Any CPU.Build.0 = Debug|Any CPU
		{0F5C8317-A6AA-4B19-B669-4B3BEDF33E67}.Release|Any CPU.ActiveCfg = Release|Any CPU
		{0F5C8317-A6AA-4B19-B669-4B3BEDF33E67}.Release|Any CPU.Build.0 = Release|Any CPU
		{2B96F03A-AC2D-4901-A51A-552DD0BD4D55}.Debug|Any CPU.ActiveCfg = Debug|Any CPU
		{2B96F03A-AC2D-4901-A51A-552DD0BD4D55}.Debug|Any CPU.Build.0 = Debug|Any CPU
		{2B96F03A-AC2D-4901-A51A-552DD0BD4D55}.Release|Any CPU.ActiveCfg = Release|Any CPU
		{2B96F03A-AC2D-4901-A51A-552DD0BD4D55}.Release|Any CPU.Build.0 = Release|Any CPU
		{0CC653FD-5C84-4465-A1D5-12EA82248D55}.Debug|Any CPU.ActiveCfg = Debug|Any CPU
		{0CC653FD-5C84-4465-A1D5-12EA82248D55}.Debug|Any CPU.Build.0 = Debug|Any CPU
		{0CC653FD-5C84-4465-A1D5-12EA82248D55}.Release|Any CPU.ActiveCfg = Release|Any CPU
		{0CC653FD-5C84-4465-A1D5-12EA82248D55}.Release|Any CPU.Build.0 = Release|Any CPU
		{13BBD5BE-C4F9-4F37-9452-8F79BF9DA39A}.Debug|Any CPU.ActiveCfg = Debug|Any CPU
		{13BBD5BE-C4F9-4F37-9452-8F79BF9DA39A}.Debug|Any CPU.Build.0 = Debug|Any CPU
		{13BBD5BE-C4F9-4F37-9452-8F79BF9DA39A}.Release|Any CPU.ActiveCfg = Release|Any CPU
		{13BBD5BE-C4F9-4F37-9452-8F79BF9DA39A}.Release|Any CPU.Build.0 = Release|Any CPU
		{048F6605-0981-4C75-9B85-C2103BF8F39B}.Debug|Any CPU.ActiveCfg = Debug|Any CPU
		{048F6605-0981-4C75-9B85-C2103BF8F39B}.Debug|Any CPU.Build.0 = Debug|Any CPU
		{048F6605-0981-4C75-9B85-C2103BF8F39B}.Release|Any CPU.ActiveCfg = Release|Any CPU
		{048F6605-0981-4C75-9B85-C2103BF8F39B}.Release|Any CPU.Build.0 = Release|Any CPU
	EndGlobalSection
	GlobalSection(SolutionProperties) = preSolution
		HideSolutionNode = FALSE
	EndGlobalSection
	GlobalSection(NestedProjects) = preSolution
		{FB181C3C-147C-459A-B90D-6D26B4D3FFB0} = {BF54E19A-2B66-459D-A4E6-9929EFD05BDA}
		{D4F94B9A-0248-4401-BA7F-F3986F46F867} = {BF54E19A-2B66-459D-A4E6-9929EFD05BDA}
		{19FD2F1E-B65B-4EA5-A2F9-EAA5B1F2A257} = {BF54E19A-2B66-459D-A4E6-9929EFD05BDA}
		{5A7A6556-B023-4BCC-B5AF-AA2B8D251BE3} = {4E5D67DA-E2A6-4609-9130-D23A1F054308}
	EndGlobalSection
	GlobalSection(ExtensibilityGlobals) = postSolution
		SolutionGuid = {6275B6F8-6A01-4ED4-886A-4970F52EC774}
	EndGlobalSection
EndGlobal
