
Microsoft Visual Studio Solution File, Format Version 12.00
# Visual Studio Version 16
VisualStudioVersion = 16.0.29806.167
MinimumVisualStudioVersion = 10.0.40219.1
Project("{9A19103F-16F7-4668-BE54-9A1E7A4F7556}") = "StarChart", "StarChartApiNetCore\StarChart\StarChart.csproj", "{69316CAB-7C8B-4FF6-89B6-EE25B51C9018}"
EndProject
Project("{9A19103F-16F7-4668-BE54-9A1E7A4F7556}") = "StarChartTests", "StarChartApiNetCore\StarChartTests\StarChartTests.csproj", "{517A6624-8700-4E69-B13C-C4AE045DB06F}"
EndProject
Project("{9A19103F-16F7-4668-BE54-9A1E7A4F7556}") = "WishList", "WishListAspNetCore\WishList\WishList.csproj", "{F62B8CEE-D921-4ED4-84E7-6B1EC285500E}"
EndProject
Project("{9A19103F-16F7-4668-BE54-9A1E7A4F7556}") = "WishListTests", "WishListAspNetCore\WishListTests\WishListTests.csproj", "{B811A9AB-FB95-4FDC-9FF1-4A974CB2D432}"
EndProject
Project("{9A19103F-16F7-4668-BE54-9A1E7A4F7556}") = "OdeToFood", "OdeToFood\OdeToFood.csproj", "{FB181C3C-147C-459A-B90D-6D26B4D3FFB0}"
EndProject
Project("{9A19103F-16F7-4668-BE54-9A1E7A4F7556}") = "OdeToFood.Core", "OdeToFood.Core\OdeToFood.Core.csproj", "{D4F94B9A-0248-4401-BA7F-F3986F46F867}"
EndProject
Project("{9A19103F-16F7-4668-BE54-9A1E7A4F7556}") = "OdeToFood.Data", "OdeToFood.Data\OdeToFood.Data.csproj", "{19FD2F1E-B65B-4EA5-A2F9-EAA5B1F2A257}"
EndProject
Project("{9A19103F-16F7-4668-BE54-9A1E7A4F7556}") = "PieShop", "PieShop\PieShop.csproj", "{5A7A6556-B023-4BCC-B5AF-AA2B8D251BE3}"
EndProject
Project("{FAE04EC0-301F-11D3-BF4B-00C04F79EFBC}") = "CourseLibrary.API", "CourseLibrary.API\CourseLibrary.API.csproj", "{4AFCE64B-1809-4FE8-8D4A-C8444A5BCBAD}"
EndProject
Project("{FAE04EC0-301F-11D3-BF4B-00C04F79EFBC}") = "Books.Api", "Books.Api\Books.Api.csproj", "{DDC6FDA1-CA8E-41A3-9A71-89621055EB1D}"
EndProject
Project("{9A19103F-16F7-4668-BE54-9A1E7A4F7556}") = "BookCovers.API", "BookCovers.API\BookCovers.API.csproj", "{F6B36656-59F5-4B9D-8695-E04E9E832568}"
EndProject
Global
	GlobalSection(SolutionConfigurationPlatforms) = preSolution
		Debug|Any CPU = Debug|Any CPU
		Release|Any CPU = Release|Any CPU
	EndGlobalSection
	GlobalSection(ProjectConfigurationPlatforms) = postSolution
		{69316CAB-7C8B-4FF6-89B6-EE25B51C9018}.Debug|Any CPU.ActiveCfg = Debug|Any CPU
		{69316CAB-7C8B-4FF6-89B6-EE25B51C9018}.Debug|Any CPU.Build.0 = Debug|Any CPU
		{69316CAB-7C8B-4FF6-89B6-EE25B51C9018}.Release|Any CPU.ActiveCfg = Release|Any CPU
		{69316CAB-7C8B-4FF6-89B6-EE25B51C9018}.Release|Any CPU.Build.0 = Release|Any CPU
		{517A6624-8700-4E69-B13C-C4AE045DB06F}.Debug|Any CPU.ActiveCfg = Debug|Any CPU
		{517A6624-8700-4E69-B13C-C4AE045DB06F}.Debug|Any CPU.Build.0 = Debug|Any CPU
		{517A6624-8700-4E69-B13C-C4AE045DB06F}.Release|Any CPU.ActiveCfg = Release|Any CPU
		{517A6624-8700-4E69-B13C-C4AE045DB06F}.Release|Any CPU.Build.0 = Release|Any CPU
		{F62B8CEE-D921-4ED4-84E7-6B1EC285500E}.Debug|Any CPU.ActiveCfg = Debug|Any CPU
		{F62B8CEE-D921-4ED4-84E7-6B1EC285500E}.Debug|Any CPU.Build.0 = Debug|Any CPU
		{F62B8CEE-D921-4ED4-84E7-6B1EC285500E}.Release|Any CPU.ActiveCfg = Release|Any CPU
		{F62B8CEE-D921-4ED4-84E7-6B1EC285500E}.Release|Any CPU.Build.0 = Release|Any CPU
		{B811A9AB-FB95-4FDC-9FF1-4A974CB2D432}.Debug|Any CPU.ActiveCfg = Debug|Any CPU
		{B811A9AB-FB95-4FDC-9FF1-4A974CB2D432}.Debug|Any CPU.Build.0 = Debug|Any CPU
		{B811A9AB-FB95-4FDC-9FF1-4A974CB2D432}.Release|Any CPU.ActiveCfg = Release|Any CPU
		{B811A9AB-FB95-4FDC-9FF1-4A974CB2D432}.Release|Any CPU.Build.0 = Release|Any CPU
		{FB181C3C-147C-459A-B90D-6D26B4D3FFB0}.Debug|Any CPU.ActiveCfg = Debug|Any CPU
		{FB181C3C-147C-459A-B90D-6D26B4D3FFB0}.Debug|Any CPU.Build.0 = Debug|Any CPU
		{FB181C3C-147C-459A-B90D-6D26B4D3FFB0}.Release|Any CPU.ActiveCfg = Release|Any CPU
		{FB181C3C-147C-459A-B90D-6D26B4D3FFB0}.Release|Any CPU.Build.0 = Release|Any CPU
		{D4F94B9A-0248-4401-BA7F-F3986F46F867}.Debug|Any CPU.ActiveCfg = Debug|Any CPU
		{D4F94B9A-0248-4401-BA7F-F3986F46F867}.Debug|Any CPU.Build.0 = Debug|Any CPU
		{D4F94B9A-0248-4401-BA7F-F3986F46F867}.Release|Any CPU.ActiveCfg = Release|Any CPU
		{D4F94B9A-0248-4401-BA7F-F3986F46F867}.Release|Any CPU.Build.0 = Release|Any CPU
		{19FD2F1E-B65B-4EA5-A2F9-EAA5B1F2A257}.Debug|Any CPU.ActiveCfg = Debug|Any CPU
		{19FD2F1E-B65B-4EA5-A2F9-EAA5B1F2A257}.Debug|Any CPU.Build.0 = Debug|Any CPU
		{19FD2F1E-B65B-4EA5-A2F9-EAA5B1F2A257}.Release|Any CPU.ActiveCfg = Release|Any CPU
		{19FD2F1E-B65B-4EA5-A2F9-EAA5B1F2A257}.Release|Any CPU.Build.0 = Release|Any CPU
		{5A7A6556-B023-4BCC-B5AF-AA2B8D251BE3}.Debug|Any CPU.ActiveCfg = Debug|Any CPU
		{5A7A6556-B023-4BCC-B5AF-AA2B8D251BE3}.Debug|Any CPU.Build.0 = Debug|Any CPU
		{5A7A6556-B023-4BCC-B5AF-AA2B8D251BE3}.Release|Any CPU.ActiveCfg = Release|Any CPU
		{5A7A6556-B023-4BCC-B5AF-AA2B8D251BE3}.Release|Any CPU.Build.0 = Release|Any CPU
		{4AFCE64B-1809-4FE8-8D4A-C8444A5BCBAD}.Debug|Any CPU.ActiveCfg = Debug|Any CPU
		{4AFCE64B-1809-4FE8-8D4A-C8444A5BCBAD}.Debug|Any CPU.Build.0 = Debug|Any CPU
		{4AFCE64B-1809-4FE8-8D4A-C8444A5BCBAD}.Release|Any CPU.ActiveCfg = Release|Any CPU
		{4AFCE64B-1809-4FE8-8D4A-C8444A5BCBAD}.Release|Any CPU.Build.0 = Release|Any CPU
		{DDC6FDA1-CA8E-41A3-9A71-89621055EB1D}.Debug|Any CPU.ActiveCfg = Debug|Any CPU
		{DDC6FDA1-CA8E-41A3-9A71-89621055EB1D}.Debug|Any CPU.Build.0 = Debug|Any CPU
		{DDC6FDA1-CA8E-41A3-9A71-89621055EB1D}.Release|Any CPU.ActiveCfg = Release|Any CPU
		{DDC6FDA1-CA8E-41A3-9A71-89621055EB1D}.Release|Any CPU.Build.0 = Release|Any CPU
		{F6B36656-59F5-4B9D-8695-E04E9E832568}.Debug|Any CPU.ActiveCfg = Debug|Any CPU
		{F6B36656-59F5-4B9D-8695-E04E9E832568}.Debug|Any CPU.Build.0 = Debug|Any CPU
		{F6B36656-59F5-4B9D-8695-E04E9E832568}.Release|Any CPU.ActiveCfg = Release|Any CPU
		{F6B36656-59F5-4B9D-8695-E04E9E832568}.Release|Any CPU.Build.0 = Release|Any CPU
	EndGlobalSection
	GlobalSection(SolutionProperties) = preSolution
		HideSolutionNode = FALSE
	EndGlobalSection
	GlobalSection(ExtensibilityGlobals) = postSolution
		SolutionGuid = {6275B6F8-6A01-4ED4-886A-4970F52EC774}
	EndGlobalSection
EndGlobal
